// !$*UTF8*$!
{
	archiveVersion = 1;
	classes = {
	};
	objectVersion = 55;
	objects = {

/* Begin PBXBuildFile section */
		F6F6CE1D2835352500C81AAC /* AppDelegate.swift in Sources */ = {isa = PBXBuildFile; fileRef = F6F6CE1C2835352500C81AAC /* AppDelegate.swift */; };
		F6F6CE1F2835352500C81AAC /* SceneDelegate.swift in Sources */ = {isa = PBXBuildFile; fileRef = F6F6CE1E2835352500C81AAC /* SceneDelegate.swift */; };
		F6F6CE212835352500C81AAC /* ViewController.swift in Sources */ = {isa = PBXBuildFile; fileRef = F6F6CE202835352500C81AAC /* ViewController.swift */; };
		F6F6CE242835352500C81AAC /* Main.storyboard in Resources */ = {isa = PBXBuildFile; fileRef = F6F6CE222835352500C81AAC /* Main.storyboard */; };
		F6F6CE262835352700C81AAC /* Assets.xcassets in Resources */ = {isa = PBXBuildFile; fileRef = F6F6CE252835352700C81AAC /* Assets.xcassets */; };
		F6F6CE292835352700C81AAC /* LaunchScreen.storyboard in Resources */ = {isa = PBXBuildFile; fileRef = F6F6CE272835352700C81AAC /* LaunchScreen.storyboard */; };
		F6F6CE342835352700C81AAC /* saizeTests.swift in Sources */ = {isa = PBXBuildFile; fileRef = F6F6CE332835352700C81AAC /* saizeTests.swift */; };
		F6F6CE3E2835352700C81AAC /* saizeUITests.swift in Sources */ = {isa = PBXBuildFile; fileRef = F6F6CE3D2835352700C81AAC /* saizeUITests.swift */; };
		F6F6CE402835352700C81AAC /* saizeUITestsLaunchTests.swift in Sources */ = {isa = PBXBuildFile; fileRef = F6F6CE3F2835352700C81AAC /* saizeUITestsLaunchTests.swift */; };
/* End PBXBuildFile section */

/* Begin PBXContainerItemProxy section */
		F6F6CE302835352700C81AAC /* PBXContainerItemProxy */ = {
			isa = PBXContainerItemProxy;
			containerPortal = F6F6CE112835352500C81AAC /* Project object */;
			proxyType = 1;
			remoteGlobalIDString = F6F6CE182835352500C81AAC;
			remoteInfo = saize;
		};
		F6F6CE3A2835352700C81AAC /* PBXContainerItemProxy */ = {
			isa = PBXContainerItemProxy;
			containerPortal = F6F6CE112835352500C81AAC /* Project object */;
			proxyType = 1;
			remoteGlobalIDString = F6F6CE182835352500C81AAC;
			remoteInfo = saize;
		};
/* End PBXContainerItemProxy section */

/* Begin PBXFileReference section */
		F6F6CE192835352500C81AAC /* saize.app */ = {isa = PBXFileReference; explicitFileType = wrapper.application; includeInIndex = 0; path = saize.app; sourceTree = BUILT_PRODUCTS_DIR; };
		F6F6CE1C2835352500C81AAC /* AppDelegate.swift */ = {isa = PBXFileReference; lastKnownFileType = sourcecode.swift; path = AppDelegate.swift; sourceTree = "<group>"; };
		F6F6CE1E2835352500C81AAC /* SceneDelegate.swift */ = {isa = PBXFileReference; lastKnownFileType = sourcecode.swift; path = SceneDelegate.swift; sourceTree = "<group>"; };
		F6F6CE202835352500C81AAC /* ViewController.swift */ = {isa = PBXFileReference; lastKnownFileType = sourcecode.swift; path = ViewController.swift; sourceTree = "<group>"; };
		F6F6CE232835352500C81AAC /* Base */ = {isa = PBXFileReference; lastKnownFileType = file.storyboard; name = Base; path = Base.lproj/Main.storyboard; sourceTree = "<group>"; };
		F6F6CE252835352700C81AAC /* Assets.xcassets */ = {isa = PBXFileReference; lastKnownFileType = folder.assetcatalog; path = Assets.xcassets; sourceTree = "<group>"; };
		F6F6CE282835352700C81AAC /* Base */ = {isa = PBXFileReference; lastKnownFileType = file.storyboard; name = Base; path = Base.lproj/LaunchScreen.storyboard; sourceTree = "<group>"; };
		F6F6CE2A2835352700C81AAC /* Info.plist */ = {isa = PBXFileReference; lastKnownFileType = text.plist.xml; path = Info.plist; sourceTree = "<group>"; };
		F6F6CE2F2835352700C81AAC /* saizeTests.xctest */ = {isa = PBXFileReference; explicitFileType = wrapper.cfbundle; includeInIndex = 0; path = saizeTests.xctest; sourceTree = BUILT_PRODUCTS_DIR; };
		F6F6CE332835352700C81AAC /* saizeTests.swift */ = {isa = PBXFileReference; lastKnownFileType = sourcecode.swift; path = saizeTests.swift; sourceTree = "<group>"; };
		F6F6CE392835352700C81AAC /* saizeUITests.xctest */ = {isa = PBXFileReference; explicitFileType = wrapper.cfbundle; includeInIndex = 0; path = saizeUITests.xctest; sourceTree = BUILT_PRODUCTS_DIR; };
		F6F6CE3D2835352700C81AAC /* saizeUITests.swift */ = {isa = PBXFileReference; lastKnownFileType = sourcecode.swift; path = saizeUITests.swift; sourceTree = "<group>"; };
		F6F6CE3F2835352700C81AAC /* saizeUITestsLaunchTests.swift */ = {isa = PBXFileReference; lastKnownFileType = sourcecode.swift; path = saizeUITestsLaunchTests.swift; sourceTree = "<group>"; };
/* End PBXFileReference section */

/* Begin PBXFrameworksBuildPhase section */
		F6F6CE162835352500C81AAC /* Frameworks */ = {
			isa = PBXFrameworksBuildPhase;
			buildActionMask = 2147483647;
			files = (
			);
			runOnlyForDeploymentPostprocessing = 0;
		};
		F6F6CE2C2835352700C81AAC /* Frameworks */ = {
			isa = PBXFrameworksBuildPhase;
			buildActionMask = 2147483647;
			files = (
			);
			runOnlyForDeploymentPostprocessing = 0;
		};
		F6F6CE362835352700C81AAC /* Frameworks */ = {
			isa = PBXFrameworksBuildPhase;
			buildActionMask = 2147483647;
			files = (
			);
			runOnlyForDeploymentPostprocessing = 0;
		};
/* End PBXFrameworksBuildPhase section */

/* Begin PBXGroup section */
		F6F6CE102835352500C81AAC = {
			isa = PBXGroup;
			children = (
				F6F6CE1B2835352500C81AAC /* saize */,
				F6F6CE322835352700C81AAC /* saizeTests */,
				F6F6CE3C2835352700C81AAC /* saizeUITests */,
				F6F6CE1A2835352500C81AAC /* Products */,
			);
			sourceTree = "<group>";
		};
		F6F6CE1A2835352500C81AAC /* Products */ = {
			isa = PBXGroup;
			children = (
				F6F6CE192835352500C81AAC /* saize.app */,
				F6F6CE2F2835352700C81AAC /* saizeTests.xctest */,
				F6F6CE392835352700C81AAC /* saizeUITests.xctest */,
			);
			name = Products;
			sourceTree = "<group>";
		};
		F6F6CE1B2835352500C81AAC /* saize */ = {
			isa = PBXGroup;
			children = (
				F6F6CE1C2835352500C81AAC /* AppDelegate.swift */,
				F6F6CE1E2835352500C81AAC /* SceneDelegate.swift */,
				F6F6CE202835352500C81AAC /* ViewController.swift */,
				F6F6CE222835352500C81AAC /* Main.storyboard */,
				F6F6CE252835352700C81AAC /* Assets.xcassets */,
				F6F6CE272835352700C81AAC /* LaunchScreen.storyboard */,
				F6F6CE2A2835352700C81AAC /* Info.plist */,
			);
			path = saize;
			sourceTree = "<group>";
		};
		F6F6CE322835352700C81AAC /* saizeTests */ = {
			isa = PBXGroup;
			children = (
				F6F6CE332835352700C81AAC /* saizeTests.swift */,
			);
			path = saizeTests;
			sourceTree = "<group>";
		};
		F6F6CE3C2835352700C81AAC /* saizeUITests */ = {
			isa = PBXGroup;
			children = (
				F6F6CE3D2835352700C81AAC /* saizeUITests.swift */,
				F6F6CE3F2835352700C81AAC /* saizeUITestsLaunchTests.swift */,
			);
			path = saizeUITests;
			sourceTree = "<group>";
		};
/* End PBXGroup section */

/* Begin PBXNativeTarget section */
		F6F6CE182835352500C81AAC /* saize */ = {
			isa = PBXNativeTarget;
			buildConfigurationList = F6F6CE432835352700C81AAC /* Build configuration list for PBXNativeTarget "saize" */;
			buildPhases = (
				F6F6CE152835352500C81AAC /* Sources */,
				F6F6CE162835352500C81AAC /* Frameworks */,
				F6F6CE172835352500C81AAC /* Resources */,
			);
			buildRules = (
			);
			dependencies = (
			);
			name = saize;
			productName = saize;
			productReference = F6F6CE192835352500C81AAC /* saize.app */;
			productType = "com.apple.product-type.application";
		};
		F6F6CE2E2835352700C81AAC /* saizeTests */ = {
			isa = PBXNativeTarget;
			buildConfigurationList = F6F6CE462835352700C81AAC /* Build configuration list for PBXNativeTarget "saizeTests" */;
			buildPhases = (
				F6F6CE2B2835352700C81AAC /* Sources */,
				F6F6CE2C2835352700C81AAC /* Frameworks */,
				F6F6CE2D2835352700C81AAC /* Resources */,
			);
			buildRules = (
			);
			dependencies = (
				F6F6CE312835352700C81AAC /* PBXTargetDependency */,
			);
			name = saizeTests;
			productName = saizeTests;
			productReference = F6F6CE2F2835352700C81AAC /* saizeTests.xctest */;
			productType = "com.apple.product-type.bundle.unit-test";
		};
		F6F6CE382835352700C81AAC /* saizeUITests */ = {
			isa = PBXNativeTarget;
			buildConfigurationList = F6F6CE492835352700C81AAC /* Build configuration list for PBXNativeTarget "saizeUITests" */;
			buildPhases = (
				F6F6CE352835352700C81AAC /* Sources */,
				F6F6CE362835352700C81AAC /* Frameworks */,
				F6F6CE372835352700C81AAC /* Resources */,
			);
			buildRules = (
			);
			dependencies = (
				F6F6CE3B2835352700C81AAC /* PBXTargetDependency */,
			);
			name = saizeUITests;
			productName = saizeUITests;
			productReference = F6F6CE392835352700C81AAC /* saizeUITests.xctest */;
			productType = "com.apple.product-type.bundle.ui-testing";
		};
/* End PBXNativeTarget section */

/* Begin PBXProject section */
		F6F6CE112835352500C81AAC /* Project object */ = {
			isa = PBXProject;
			attributes = {
				BuildIndependentTargetsInParallel = 1;
				LastSwiftUpdateCheck = 1330;
				LastUpgradeCheck = 1330;
				TargetAttributes = {
					F6F6CE182835352500C81AAC = {
						CreatedOnToolsVersion = 13.3.1;
					};
					F6F6CE2E2835352700C81AAC = {
						CreatedOnToolsVersion = 13.3.1;
						TestTargetID = F6F6CE182835352500C81AAC;
					};
					F6F6CE382835352700C81AAC = {
						CreatedOnToolsVersion = 13.3.1;
						TestTargetID = F6F6CE182835352500C81AAC;
					};
				};
			};
			buildConfigurationList = F6F6CE142835352500C81AAC /* Build configuration list for PBXProject "saize" */;
			compatibilityVersion = "Xcode 13.0";
			developmentRegion = en;
			hasScannedForEncodings = 0;
			knownRegions = (
				en,
				Base,
			);
			mainGroup = F6F6CE102835352500C81AAC;
			productRefGroup = F6F6CE1A2835352500C81AAC /* Products */;
			projectDirPath = "";
			projectRoot = "";
			targets = (
				F6F6CE182835352500C81AAC /* saize */,
				F6F6CE2E2835352700C81AAC /* saizeTests */,
				F6F6CE382835352700C81AAC /* saizeUITests */,
			);
		};
/* End PBXProject section */

/* Begin PBXResourcesBuildPhase section */
		F6F6CE172835352500C81AAC /* Resources */ = {
			isa = PBXResourcesBuildPhase;
			buildActionMask = 2147483647;
			files = (
				F6F6CE292835352700C81AAC /* LaunchScreen.storyboard in Resources */,
				F6F6CE262835352700C81AAC /* Assets.xcassets in Resources */,
				F6F6CE242835352500C81AAC /* Main.storyboard in Resources */,
			);
			runOnlyForDeploymentPostprocessing = 0;
		};
		F6F6CE2D2835352700C81AAC /* Resources */ = {
			isa = PBXResourcesBuildPhase;
			buildActionMask = 2147483647;
			files = (
			);
			runOnlyForDeploymentPostprocessing = 0;
		};
		F6F6CE372835352700C81AAC /* Resources */ = {
			isa = PBXResourcesBuildPhase;
			buildActionMask = 2147483647;
			files = (
			);
			runOnlyForDeploymentPostprocessing = 0;
		};
/* End PBXResourcesBuildPhase section */

/* Begin PBXSourcesBuildPhase section */
		F6F6CE152835352500C81AAC /* Sources */ = {
			isa = PBXSourcesBuildPhase;
			buildActionMask = 2147483647;
			files = (
				F6F6CE212835352500C81AAC /* ViewController.swift in Sources */,
				F6F6CE1D2835352500C81AAC /* AppDelegate.swift in Sources */,
				F6F6CE1F2835352500C81AAC /* SceneDelegate.swift in Sources */,
			);
			runOnlyForDeploymentPostprocessing = 0;
		};
		F6F6CE2B2835352700C81AAC /* Sources */ = {
			isa = PBXSourcesBuildPhase;
			buildActionMask = 2147483647;
			files = (
				F6F6CE342835352700C81AAC /* saizeTests.swift in Sources */,
			);
			runOnlyForDeploymentPostprocessing = 0;
		};
		F6F6CE352835352700C81AAC /* Sources */ = {
			isa = PBXSourcesBuildPhase;
			buildActionMask = 2147483647;
			files = (
				F6F6CE3E2835352700C81AAC /* saizeUITests.swift in Sources */,
				F6F6CE402835352700C81AAC /* saizeUITestsLaunchTests.swift in Sources */,
			);
			runOnlyForDeploymentPostprocessing = 0;
		};
/* End PBXSourcesBuildPhase section */

/* Begin PBXTargetDependency section */
		F6F6CE312835352700C81AAC /* PBXTargetDependency */ = {
			isa = PBXTargetDependency;
			target = F6F6CE182835352500C81AAC /* saize */;
			targetProxy = F6F6CE302835352700C81AAC /* PBXContainerItemProxy */;
		};
		F6F6CE3B2835352700C81AAC /* PBXTargetDependency */ = {
			isa = PBXTargetDependency;
			target = F6F6CE182835352500C81AAC /* saize */;
			targetProxy = F6F6CE3A2835352700C81AAC /* PBXContainerItemProxy */;
		};
/* End PBXTargetDependency section */

/* Begin PBXVariantGroup section */
		F6F6CE222835352500C81AAC /* Main.storyboard */ = {
			isa = PBXVariantGroup;
			children = (
				F6F6CE232835352500C81AAC /* Base */,
			);
			name = Main.storyboard;
			sourceTree = "<group>";
		};
		F6F6CE272835352700C81AAC /* LaunchScreen.storyboard */ = {
			isa = PBXVariantGroup;
			children = (
				F6F6CE282835352700C81AAC /* Base */,
			);
			name = LaunchScreen.storyboard;
			sourceTree = "<group>";
		};
/* End PBXVariantGroup section */

/* Begin XCBuildConfiguration section */
		F6F6CE412835352700C81AAC /* Debug */ = {
			isa = XCBuildConfiguration;
			buildSettings = {
				ALWAYS_SEARCH_USER_PATHS = NO;
				CLANG_ANALYZER_NONNULL = YES;
				CLANG_ANALYZER_NUMBER_OBJECT_CONVERSION = YES_AGGRESSIVE;
				CLANG_CXX_LANGUAGE_STANDARD = "gnu++17";
				CLANG_ENABLE_MODULES = YES;
				CLANG_ENABLE_OBJC_ARC = YES;
				CLANG_ENABLE_OBJC_WEAK = YES;
				CLANG_WARN_BLOCK_CAPTURE_AUTORELEASING = YES;
				CLANG_WARN_BOOL_CONVERSION = YES;
				CLANG_WARN_COMMA = YES;
				CLANG_WARN_CONSTANT_CONVERSION = YES;
				CLANG_WARN_DEPRECATED_OBJC_IMPLEMENTATIONS = YES;
				CLANG_WARN_DIRECT_OBJC_ISA_USAGE = YES_ERROR;
				CLANG_WARN_DOCUMENTATION_COMMENTS = YES;
				CLANG_WARN_EMPTY_BODY = YES;
				CLANG_WARN_ENUM_CONVERSION = YES;
				CLANG_WARN_INFINITE_RECURSION = YES;
				CLANG_WARN_INT_CONVERSION = YES;
				CLANG_WARN_NON_LITERAL_NULL_CONVERSION = YES;
				CLANG_WARN_OBJC_IMPLICIT_RETAIN_SELF = YES;
				CLANG_WARN_OBJC_LITERAL_CONVERSION = YES;
				CLANG_WARN_OBJC_ROOT_CLASS = YES_ERROR;
				CLANG_WARN_QUOTED_INCLUDE_IN_FRAMEWORK_HEADER = YES;
				CLANG_WARN_RANGE_LOOP_ANALYSIS = YES;
				CLANG_WARN_STRICT_PROTOTYPES = YES;
				CLANG_WARN_SUSPICIOUS_MOVE = YES;
				CLANG_WARN_UNGUARDED_AVAILABILITY = YES_AGGRESSIVE;
				CLANG_WARN_UNREACHABLE_CODE = YES;
				CLANG_WARN__DUPLICATE_METHOD_MATCH = YES;
				COPY_PHASE_STRIP = NO;
				DEBUG_INFORMATION_FORMAT = dwarf;
				ENABLE_STRICT_OBJC_MSGSEND = YES;
				ENABLE_TESTABILITY = YES;
				GCC_C_LANGUAGE_STANDARD = gnu11;
				GCC_DYNAMIC_NO_PIC = NO;
				GCC_NO_COMMON_BLOCKS = YES;
				GCC_OPTIMIZATION_LEVEL = 0;
				GCC_PREPROCESSOR_DEFINITIONS = (
					"DEBUG=1",
					"$(inherited)",
				);
				GCC_WARN_64_TO_32_BIT_CONVERSION = YES;
				GCC_WARN_ABOUT_RETURN_TYPE = YES_ERROR;
				GCC_WARN_UNDECLARED_SELECTOR = YES;
				GCC_WARN_UNINITIALIZED_AUTOS = YES_AGGRESSIVE;
				GCC_WARN_UNUSED_FUNCTION = YES;
				GCC_WARN_UNUSED_VARIABLE = YES;
				IPHONEOS_DEPLOYMENT_TARGET = 15.4;
				MTL_ENABLE_DEBUG_INFO = INCLUDE_SOURCE;
				MTL_FAST_MATH = YES;
				ONLY_ACTIVE_ARCH = YES;
				SDKROOT = iphoneos;
				SWIFT_ACTIVE_COMPILATION_CONDITIONS = DEBUG;
				SWIFT_OPTIMIZATION_LEVEL = "-Onone";
			};
			name = Debug;
		};
		F6F6CE422835352700C81AAC /* Release */ = {
			isa = XCBuildConfiguration;
			buildSettings = {
				ALWAYS_SEARCH_USER_PATHS = NO;
				CLANG_ANALYZER_NONNULL = YES;
				CLANG_ANALYZER_NUMBER_OBJECT_CONVERSION = YES_AGGRESSIVE;
				CLANG_CXX_LANGUAGE_STANDARD = "gnu++17";
				CLANG_ENABLE_MODULES = YES;
				CLANG_ENABLE_OBJC_ARC = YES;
				CLANG_ENABLE_OBJC_WEAK = YES;
				CLANG_WARN_BLOCK_CAPTURE_AUTORELEASING = YES;
				CLANG_WARN_BOOL_CONVERSION = YES;
				CLANG_WARN_COMMA = YES;
				CLANG_WARN_CONSTANT_CONVERSION = YES;
				CLANG_WARN_DEPRECATED_OBJC_IMPLEMENTATIONS = YES;
				CLANG_WARN_DIRECT_OBJC_ISA_USAGE = YES_ERROR;
				CLANG_WARN_DOCUMENTATION_COMMENTS = YES;
				CLANG_WARN_EMPTY_BODY = YES;
				CLANG_WARN_ENUM_CONVERSION = YES;
				CLANG_WARN_INFINITE_RECURSION = YES;
				CLANG_WARN_INT_CONVERSION = YES;
				CLANG_WARN_NON_LITERAL_NULL_CONVERSION = YES;
				CLANG_WARN_OBJC_IMPLICIT_RETAIN_SELF = YES;
				CLANG_WARN_OBJC_LITERAL_CONVERSION = YES;
				CLANG_WARN_OBJC_ROOT_CLASS = YES_ERROR;
				CLANG_WARN_QUOTED_INCLUDE_IN_FRAMEWORK_HEADER = YES;
				CLANG_WARN_RANGE_LOOP_ANALYSIS = YES;
				CLANG_WARN_STRICT_PROTOTYPES = YES;
				CLANG_WARN_SUSPICIOUS_MOVE = YES;
				CLANG_WARN_UNGUARDED_AVAILABILITY = YES_AGGRESSIVE;
				CLANG_WARN_UNREACHABLE_CODE = YES;
				CLANG_WARN__DUPLICATE_METHOD_MATCH = YES;
				COPY_PHASE_STRIP = NO;
				DEBUG_INFORMATION_FORMAT = "dwarf-with-dsym";
				ENABLE_NS_ASSERTIONS = NO;
				ENABLE_STRICT_OBJC_MSGSEND = YES;
				GCC_C_LANGUAGE_STANDARD = gnu11;
				GCC_NO_COMMON_BLOCKS = YES;
				GCC_WARN_64_TO_32_BIT_CONVERSION = YES;
				GCC_WARN_ABOUT_RETURN_TYPE = YES_ERROR;
				GCC_WARN_UNDECLARED_SELECTOR = YES;
				GCC_WARN_UNINITIALIZED_AUTOS = YES_AGGRESSIVE;
				GCC_WARN_UNUSED_FUNCTION = YES;
				GCC_WARN_UNUSED_VARIABLE = YES;
				IPHONEOS_DEPLOYMENT_TARGET = 15.4;
				MTL_ENABLE_DEBUG_INFO = NO;
				MTL_FAST_MATH = YES;
				SDKROOT = iphoneos;
				SWIFT_COMPILATION_MODE = wholemodule;
				SWIFT_OPTIMIZATION_LEVEL = "-O";
				VALIDATE_PRODUCT = YES;
			};
			name = Release;
		};
		F6F6CE442835352700C81AAC /* Debug */ = {
			isa = XCBuildConfiguration;
			buildSettings = {
				ASSETCATALOG_COMPILER_APPICON_NAME = AppIcon;
				ASSETCATALOG_COMPILER_GLOBAL_ACCENT_COLOR_NAME = AccentColor;
				CODE_SIGN_STYLE = Automatic;
				CURRENT_PROJECT_VERSION = 1;
				GENERATE_INFOPLIST_FILE = YES;
				INFOPLIST_FILE = saize/Info.plist;
				INFOPLIST_KEY_UIApplicationSupportsIndirectInputEvents = YES;
				INFOPLIST_KEY_UILaunchStoryboardName = LaunchScreen;
				INFOPLIST_KEY_UIMainStoryboardFile = Main;
				INFOPLIST_KEY_UISupportedInterfaceOrientations_iPad = "UIInterfaceOrientationPortrait UIInterfaceOrientationPortraitUpsideDown UIInterfaceOrientationLandscapeLeft UIInterfaceOrientationLandscapeRight";
				INFOPLIST_KEY_UISupportedInterfaceOrientations_iPhone = "UIInterfaceOrientationPortrait UIInterfaceOrientationLandscapeLeft UIInterfaceOrientationLandscapeRight";
				LD_RUNPATH_SEARCH_PATHS = (
					"$(inherited)",
					"@executable_path/Frameworks",
				);
				MARKETING_VERSION = 1.0;
				PRODUCT_BUNDLE_IDENTIFIER = jp.ac.hal.saize;
				PRODUCT_NAME = "$(TARGET_NAME)";
				SWIFT_EMIT_LOC_STRINGS = YES;
				SWIFT_VERSION = 5.0;
				TARGETED_DEVICE_FAMILY = "1,2";
			};
			name = Debug;
		};
		F6F6CE452835352700C81AAC /* Release */ = {
			isa = XCBuildConfiguration;
			buildSettings = {
				ASSETCATALOG_COMPILER_APPICON_NAME = AppIcon;
				ASSETCATALOG_COMPILER_GLOBAL_ACCENT_COLOR_NAME = AccentColor;
				CODE_SIGN_STYLE = Automatic;
				CURRENT_PROJECT_VERSION = 1;
				GENERATE_INFOPLIST_FILE = YES;
				INFOPLIST_FILE = saize/Info.plist;
				INFOPLIST_KEY_UIApplicationSupportsIndirectInputEvents = YES;
				INFOPLIST_KEY_UILaunchStoryboardName = LaunchScreen;
				INFOPLIST_KEY_UIMainStoryboardFile = Main;
				INFOPLIST_KEY_UISupportedInterfaceOrientations_iPad = "UIInterfaceOrientationPortrait UIInterfaceOrientationPortraitUpsideDown UIInterfaceOrientationLandscapeLeft UIInterfaceOrientationLandscapeRight";
				INFOPLIST_KEY_UISupportedInterfaceOrientations_iPhone = "UIInterfaceOrientationPortrait UIInterfaceOrientationLandscapeLeft UIInterfaceOrientationLandscapeRight";
				LD_RUNPATH_SEARCH_PATHS = (
					"$(inherited)",
					"@executable_path/Frameworks",
				);
				MARKETING_VERSION = 1.0;
				PRODUCT_BUNDLE_IDENTIFIER = jp.ac.hal.saize;
				PRODUCT_NAME = "$(TARGET_NAME)";
				SWIFT_EMIT_LOC_STRINGS = YES;
				SWIFT_VERSION = 5.0;
				TARGETED_DEVICE_FAMILY = "1,2";
			};
			name = Release;
		};
		F6F6CE472835352700C81AAC /* Debug */ = {
			isa = XCBuildConfiguration;
			buildSettings = {
				ALWAYS_EMBED_SWIFT_STANDARD_LIBRARIES = YES;
				BUNDLE_LOADER = "$(TEST_HOST)";
				CODE_SIGN_STYLE = Automatic;
				CURRENT_PROJECT_VERSION = 1;
				GENERATE_INFOPLIST_FILE = YES;
				IPHONEOS_DEPLOYMENT_TARGET = 15.4;
				MARKETING_VERSION = 1.0;
				PRODUCT_BUNDLE_IDENTIFIER = jp.ac.hal.saizeTests;
				PRODUCT_NAME = "$(TARGET_NAME)";
				SWIFT_EMIT_LOC_STRINGS = NO;
				SWIFT_VERSION = 5.0;
				TARGETED_DEVICE_FAMILY = "1,2";
				TEST_HOST = "$(BUILT_PRODUCTS_DIR)/saize.app/saize";
			};
			name = Debug;
		};
		F6F6CE482835352700C81AAC /* Release */ = {
			isa = XCBuildConfiguration;
			buildSettings = {
				ALWAYS_EMBED_SWIFT_STANDARD_LIBRARIES = YES;
				BUNDLE_LOADER = "$(TEST_HOST)";
				CODE_SIGN_STYLE = Automatic;
				CURRENT_PROJECT_VERSION = 1;
				GENERATE_INFOPLIST_FILE = YES;
				IPHONEOS_DEPLOYMENT_TARGET = 15.4;
				MARKETING_VERSION = 1.0;
				PRODUCT_BUNDLE_IDENTIFIER = jp.ac.hal.saizeTests;
				PRODUCT_NAME = "$(TARGET_NAME)";
				SWIFT_EMIT_LOC_STRINGS = NO;
				SWIFT_VERSION = 5.0;
				TARGETED_DEVICE_FAMILY = "1,2";
				TEST_HOST = "$(BUILT_PRODUCTS_DIR)/saize.app/saize";
			};
			name = Release;
		};
		F6F6CE4A2835352700C81AAC /* Debug */ = {
			isa = XCBuildConfiguration;
			buildSettings = {
				ALWAYS_EMBED_SWIFT_STANDARD_LIBRARIES = YES;
				CODE_SIGN_STYLE = Automatic;
				CURRENT_PROJECT_VERSION = 1;
				GENERATE_INFOPLIST_FILE = YES;
				MARKETING_VERSION = 1.0;
				PRODUCT_BUNDLE_IDENTIFIER = jp.ac.hal.saizeUITests;
				PRODUCT_NAME = "$(TARGET_NAME)";
				SWIFT_EMIT_LOC_STRINGS = NO;
				SWIFT_VERSION = 5.0;
				TARGETED_DEVICE_FAMILY = "1,2";
				TEST_TARGET_NAME = saize;
			};
			name = Debug;
		};
		F6F6CE4B2835352700C81AAC /* Release */ = {
			isa = XCBuildConfiguration;
			buildSettings = {
				ALWAYS_EMBED_SWIFT_STANDARD_LIBRARIES = YES;
				CODE_SIGN_STYLE = Automatic;
				CURRENT_PROJECT_VERSION = 1;
				GENERATE_INFOPLIST_FILE = YES;
				MARKETING_VERSION = 1.0;
				PRODUCT_BUNDLE_IDENTIFIER = jp.ac.hal.saizeUITests;
				PRODUCT_NAME = "$(TARGET_NAME)";
				SWIFT_EMIT_LOC_STRINGS = NO;
				SWIFT_VERSION = 5.0;
				TARGETED_DEVICE_FAMILY = "1,2";
				TEST_TARGET_NAME = saize;
			};
			name = Release;
		};
/* End XCBuildConfiguration section */

/* Begin XCConfigurationList section */
		F6F6CE142835352500C81AAC /* Build configuration list for PBXProject "saize" */ = {
			isa = XCConfigurationList;
			buildConfigurations = (
				F6F6CE412835352700C81AAC /* Debug */,
				F6F6CE422835352700C81AAC /* Release */,
			);
			defaultConfigurationIsVisible = 0;
			defaultConfigurationName = Release;
		};
		F6F6CE432835352700C81AAC /* Build configuration list for PBXNativeTarget "saize" */ = {
			isa = XCConfigurationList;
			buildConfigurations = (
				F6F6CE442835352700C81AAC /* Debug */,
				F6F6CE452835352700C81AAC /* Release */,
			);
			defaultConfigurationIsVisible = 0;
			defaultConfigurationName = Release;
		};
		F6F6CE462835352700C81AAC /* Build configuration list for PBXNativeTarget "saizeTests" */ = {
			isa = XCConfigurationList;
			buildConfigurations = (
				F6F6CE472835352700C81AAC /* Debug */,
				F6F6CE482835352700C81AAC /* Release */,
			);
			defaultConfigurationIsVisible = 0;
			defaultConfigurationName = Release;
		};
		F6F6CE492835352700C81AAC /* Build configuration list for PBXNativeTarget "saizeUITests" */ = {
			isa = XCConfigurationList;
			buildConfigurations = (
				F6F6CE4A2835352700C81AAC /* Debug */,
				F6F6CE4B2835352700C81AAC /* Release */,
			);
			defaultConfigurationIsVisible = 0;
			defaultConfigurationName = Release;
		};
/* End XCConfigurationList section */
	};
	rootObject = F6F6CE112835352500C81AAC /* Project object */;
}
